// !$*UTF8*$!
{
	archiveVersion = 1;
	classes = {
	};
	objectVersion = 46;
	objects = {

/* Begin PBXBuildFile section */
		B608CE741C321FDC0001A10A /* main.m in Sources */ = {isa = PBXBuildFile; fileRef = B608CE731C321FDC0001A10A /* main.m */; };
		B608CE771C321FDC0001A10A /* AppDelegate.m in Sources */ = {isa = PBXBuildFile; fileRef = B608CE761C321FDC0001A10A /* AppDelegate.m */; };
		B608CE7A1C321FDC0001A10A /* ViewController.m in Sources */ = {isa = PBXBuildFile; fileRef = B608CE791C321FDC0001A10A /* ViewController.m */; };
		B608CE7D1C321FDC0001A10A /* Main.storyboard in Resources */ = {isa = PBXBuildFile; fileRef = B608CE7B1C321FDC0001A10A /* Main.storyboard */; };
		B608CE7F1C321FDC0001A10A /* Assets.xcassets in Resources */ = {isa = PBXBuildFile; fileRef = B608CE7E1C321FDC0001A10A /* Assets.xcassets */; };
		B608CE821C321FDC0001A10A /* LaunchScreen.storyboard in Resources */ = {isa = PBXBuildFile; fileRef = B608CE801C321FDC0001A10A /* LaunchScreen.storyboard */; };
/* End PBXBuildFile section */

/* Begin PBXFileReference section */
		B608CE6F1C321FDC0001A10A /* MCTransitions.app */ = {isa = PBXFileReference; explicitFileType = wrapper.application; includeInIndex = 0; path = MCTransitions.app; sourceTree = BUILT_PRODUCTS_DIR; };
		B608CE731C321FDC0001A10A /* main.m */ = {isa = PBXFileReference; lastKnownFileType = sourcecode.c.objc; path = main.m; sourceTree = "<group>"; };
		B608CE751C321FDC0001A10A /* AppDelegate.h */ = {isa = PBXFileReference; lastKnownFileType = sourcecode.c.h; path = AppDelegate.h; sourceTree = "<group>"; };
		B608CE761C321FDC0001A10A /* AppDelegate.m */ = {isa = PBXFileReference; lastKnownFileType = sourcecode.c.objc; path = AppDelegate.m; sourceTree = "<group>"; };
		B608CE781C321FDC0001A10A /* ViewController.h */ = {isa = PBXFileReference; lastKnownFileType = sourcecode.c.h; path = ViewController.h; sourceTree = "<group>"; };
		B608CE791C321FDC0001A10A /* ViewController.m */ = {isa = PBXFileReference; lastKnownFileType = sourcecode.c.objc; path = ViewController.m; sourceTree = "<group>"; };
		B608CE7C1C321FDC0001A10A /* Base */ = {isa = PBXFileReference; lastKnownFileType = file.storyboard; name = Base; path = Base.lproj/Main.storyboard; sourceTree = "<group>"; };
		B608CE7E1C321FDC0001A10A /* Assets.xcassets */ = {isa = PBXFileReference; lastKnownFileType = folder.assetcatalog; path = Assets.xcassets; sourceTree = "<group>"; };
		B608CE811C321FDC0001A10A /* Base */ = {isa = PBXFileReference; lastKnownFileType = file.storyboard; name = Base; path = Base.lproj/LaunchScreen.storyboard; sourceTree = "<group>"; };
		B608CE831C321FDC0001A10A /* Info.plist */ = {isa = PBXFileReference; lastKnownFileType = text.plist.xml; path = Info.plist; sourceTree = "<group>"; };
/* End PBXFileReference section */

/* Begin PBXFrameworksBuildPhase section */
		B608CE6C1C321FDC0001A10A /* Frameworks */ = {
			isa = PBXFrameworksBuildPhase;
			buildActionMask = 2147483647;
			files = (
			);
			runOnlyForDeploymentPostprocessing = 0;
		};
/* End PBXFrameworksBuildPhase section */

/* Begin PBXGroup section */
		B608CE661C321FDC0001A10A = {
			isa = PBXGroup;
			children = (
				B608CE711C321FDC0001A10A /* MCTransitions */,
				B608CE701C321FDC0001A10A /* Products */,
			);
			sourceTree = "<group>";
		};
		B608CE701C321FDC0001A10A /* Products */ = {
			isa = PBXGroup;
			children = (
				B608CE6F1C321FDC0001A10A /* MCTransitions.app */,
			);
			name = Products;
			sourceTree = "<group>";
		};
		B608CE711C321FDC0001A10A /* MCTransitions */ = {
			isa = PBXGroup;
			children = (
				B608CE751C321FDC0001A10A /* AppDelegate.h */,
				B608CE761C321FDC0001A10A /* AppDelegate.m */,
				B608CE781C321FDC0001A10A /* ViewController.h */,
				B608CE791C321FDC0001A10A /* ViewController.m */,
				B608CE7B1C321FDC0001A10A /* Main.storyboard */,
				B608CE7E1C321FDC0001A10A /* Assets.xcassets */,
				B608CE801C321FDC0001A10A /* LaunchScreen.storyboard */,
				B608CE831C321FDC0001A10A /* Info.plist */,
				B608CE721C321FDC0001A10A /* Supporting Files */,
			);
			path = MCTransitions;
			sourceTree = "<group>";
		};
		B608CE721C321FDC0001A10A /* Supporting Files */ = {
			isa = PBXGroup;
			children = (
				B608CE731C321FDC0001A10A /* main.m */,
			);
			name = "Supporting Files";
			sourceTree = "<group>";
		};
/* End PBXGroup section */

/* Begin PBXNativeTarget section */
		B608CE6E1C321FDC0001A10A /* MCTransitions */ = {
			isa = PBXNativeTarget;
			buildConfigurationList = B608CE861C321FDC0001A10A /* Build configuration list for PBXNativeTarget "MCTransitions" */;
			buildPhases = (
				B608CE6B1C321FDC0001A10A /* Sources */,
				B608CE6C1C321FDC0001A10A /* Frameworks */,
				B608CE6D1C321FDC0001A10A /* Resources */,
			);
			buildRules = (
			);
			dependencies = (
			);
			name = MCTransitions;
			productName = MCTransitions;
			productReference = B608CE6F1C321FDC0001A10A /* MCTransitions.app */;
			productType = "com.apple.product-type.application";
		};
/* End PBXNativeTarget section */

/* Begin PBXProject section */
		B608CE671C321FDC0001A10A /* Project object */ = {
			isa = PBXProject;
			attributes = {
				LastUpgradeCheck = 0710;
				ORGANIZATIONNAME = wangsu;
				TargetAttributes = {
					B608CE6E1C321FDC0001A10A = {
						CreatedOnToolsVersion = 7.1;
					};
				};
			};
			buildConfigurationList = B608CE6A1C321FDC0001A10A /* Build configuration list for PBXProject "MCTransitions" */;
			compatibilityVersion = "Xcode 3.2";
			developmentRegion = English;
			hasScannedForEncodings = 0;
			knownRegions = (
				en,
				Base,
			);
			mainGroup = B608CE661C321FDC0001A10A;
			productRefGroup = B608CE701C321FDC0001A10A /* Products */;
			projectDirPath = "";
			projectRoot = "";
			targets = (
				B608CE6E1C321FDC0001A10A /* MCTransitions */,
			);
		};
/* End PBXProject section */

/* Begin PBXResourcesBuildPhase section */
		B608CE6D1C321FDC0001A10A /* Resources */ = {
			isa = PBXResourcesBuildPhase;
			buildActionMask = 2147483647;
			files = (
				B608CE821C321FDC0001A10A /* LaunchScreen.storyboard in Resources */,
				B608CE7F1C321FDC0001A10A /* Assets.xcassets in Resources */,
				B608CE7D1C321FDC0001A10A /* Main.storyboard in Resources */,
			);
			runOnlyForDeploymentPostprocessing = 0;
		};
/* End PBXResourcesBuildPhase section */

/* Begin PBXSourcesBuildPhase section */
		B608CE6B1C321FDC0001A10A /* Sources */ = {
			isa = PBXSourcesBuildPhase;
			buildActionMask = 2147483647;
			files = (
				B608CE7A1C321FDC0001A10A /* ViewController.m in Sources */,
				B608CE771C321FDC0001A10A /* AppDelegate.m in Sources */,
				B608CE741C321FDC0001A10A /* main.m in Sources */,
			);
			runOnlyForDeploymentPostprocessing = 0;
		};
/* End PBXSourcesBuildPhase section */

/* Begin PBXVariantGroup section */
		B608CE7B1C321FDC0001A10A /* Main.storyboard */ = {
			isa = PBXVariantGroup;
			children = (
				B608CE7C1C321FDC0001A10A /* Base */,
			);
			name = Main.storyboard;
			sourceTree = "<group>";
		};
		B608CE801C321FDC0001A10A /* LaunchScreen.storyboard */ = {
			isa = PBXVariantGroup;
			children = (
				B608CE811C321FDC0001A10A /* Base */,
			);
			name = LaunchScreen.storyboard;
			sourceTree = "<group>";
		};
/* End PBXVariantGroup section */

/* Begin XCBuildConfiguration section */
		B608CE841C321FDC0001A10A /* Debug */ = {
			isa = XCBuildConfiguration;
			buildSettings = {
				ALWAYS_SEARCH_USER_PATHS = NO;
				CLANG_CXX_LANGUAGE_STANDARD = "gnu++0x";
				CLANG_CXX_LIBRARY = "libc++";
				CLANG_ENABLE_MODULES = YES;
				CLANG_ENABLE_OBJC_ARC = YES;
				CLANG_WARN_BOOL_CONVERSION = YES;
				CLANG_WARN_CONSTANT_CONVERSION = YES;
				CLANG_WARN_DIRECT_OBJC_ISA_USAGE = YES_ERROR;
				CLANG_WARN_EMPTY_BODY = YES;
				CLANG_WARN_ENUM_CONVERSION = YES;
				CLANG_WARN_INT_CONVERSION = YES;
				CLANG_WARN_OBJC_ROOT_CLASS = YES_ERROR;
				CLANG_WARN_UNREACHABLE_CODE = YES;
				CLANG_WARN__DUPLICATE_METHOD_MATCH = YES;
				"CODE_SIGN_IDENTITY[sdk=iphoneos*]" = "iPhone Developer";
				COPY_PHASE_STRIP = NO;
				DEBUG_INFORMATION_FORMAT = dwarf;
				ENABLE_STRICT_OBJC_MSGSEND = YES;
				ENABLE_TESTABILITY = YES;
				GCC_C_LANGUAGE_STANDARD = gnu99;
				GCC_DYNAMIC_NO_PIC = NO;
				GCC_NO_COMMON_BLOCKS = YES;
				GCC_OPTIMIZATION_LEVEL = 0;
				GCC_PREPROCESSOR_DEFINITIONS = (
					"DEBUG=1",
					"$(inherited)",
				);
				GCC_WARN_64_TO_32_BIT_CONVERSION = YES;
				GCC_WARN_ABOUT_RETURN_TYPE = YES_ERROR;
				GCC_WARN_UNDECLARED_SELECTOR = YES;
				GCC_WARN_UNINITIALIZED_AUTOS = YES_AGGRESSIVE;
				GCC_WARN_UNUSED_FUNCTION = YES;
				GCC_WARN_UNUSED_VARIABLE = YES;
				IPHONEOS_DEPLOYMENT_TARGET = 9.1;
				MTL_ENABLE_DEBUG_INFO = YES;
				ONLY_ACTIVE_ARCH = YES;
				SDKROOT = iphoneos;
				TARGETED_DEVICE_FAMILY = "1,2";
			};
			name = Debug;
		};
		B608CE851C321FDC0001A10A /* Release */ = {
			isa = XCBuildConfiguration;
			buildSettings = {
				ALWAYS_SEARCH_USER_PATHS = NO;
				CLANG_CXX_LANGUAGE_STANDARD = "gnu++0x";
				CLANG_CXX_LIBRARY = "libc++";
				CLANG_ENABLE_MODULES = YES;
				CLANG_ENABLE_OBJC_ARC = YES;
				CLANG_WARN_BOOL_CONVERSION = YES;
				CLANG_WARN_CONSTANT_CONVERSION = YES;
				CLANG_WARN_DIRECT_OBJC_ISA_USAGE = YES_ERROR;
				CLANG_WARN_EMPTY_BODY = YES;
				CLANG_WARN_ENUM_CONVERSION = YES;
				CLANG_WARN_INT_CONVERSION = YES;
				CLANG_WARN_OBJC_ROOT_CLASS = YES_ERROR;
				CLANG_WARN_UNREACHABLE_CODE = YES;
				CLANG_WARN__DUPLICATE_METHOD_MATCH = YES;
				"CODE_SIGN_IDENTITY[sdk=iphoneos*]" = "iPhone Developer";
				COPY_PHASE_STRIP = NO;
				DEBUG_INFORMATION_FORMAT = "dwarf-with-dsym";
				ENABLE_NS_ASSERTIONS = NO;
				ENABLE_STRICT_OBJC_MSGSEND = YES;
				GCC_C_LANGUAGE_STANDARD = gnu99;
				GCC_NO_COMMON_BLOCKS = YES;
				GCC_WARN_64_TO_32_BIT_CONVERSION = YES;
				GCC_WARN_ABOUT_RETURN_TYPE = YES_ERROR;
				GCC_WARN_UNDECLARED_SELECTOR = YES;
				GCC_WARN_UNINITIALIZED_AUTOS = YES_AGGRESSIVE;
				GCC_WARN_UNUSED_FUNCTION = YES;
				GCC_WARN_UNUSED_VARIABLE = YES;
				IPHONEOS_DEPLOYMENT_TARGET = 9.1;
				MTL_ENABLE_DEBUG_INFO = NO;
				SDKROOT = iphoneos;
				TARGETED_DEVICE_FAMILY = "1,2";
				VALIDATE_PRODUCT = YES;
			};
			name = Release;
		};
		B608CE871C321FDC0001A10A /* Debug */ = {
			isa = XCBuildConfiguration;
			buildSettings = {
				ASSETCATALOG_COMPILER_APPICON_NAME = AppIcon;
				INFOPLIST_FILE = MCTransitions/Info.plist;
				LD_RUNPATH_SEARCH_PATHS = "$(inherited) @executable_path/Frameworks";
				PRODUCT_BUNDLE_IDENTIFIER = com.chinanetcenter.MCTransitions;
				PRODUCT_NAME = "$(TARGET_NAME)";
			};
			name = Debug;
		};
		B608CE881C321FDC0001A10A /* Release */ = {
			isa = XCBuildConfiguration;
			buildSettings = {
				ASSETCATALOG_COMPILER_APPICON_NAME = AppIcon;
				INFOPLIST_FILE = MCTransitions/Info.plist;
				LD_RUNPATH_SEARCH_PATHS = "$(inherited) @executable_path/Frameworks";
				PRODUCT_BUNDLE_IDENTIFIER = com.chinanetcenter.MCTransitions;
				PRODUCT_NAME = "$(TARGET_NAME)";
			};
			name = Release;
		};
/* End XCBuildConfiguration section */

/* Begin XCConfigurationList section */
		B608CE6A1C321FDC0001A10A /* Build configuration list for PBXProject "MCTransitions" */ = {
			isa = XCConfigurationList;
			buildConfigurations = (
				B608CE841C321FDC0001A10A /* Debug */,
				B608CE851C321FDC0001A10A /* Release */,
			);
			defaultConfigurationIsVisible = 0;
			defaultConfigurationName = Release;
		};
		B608CE861C321FDC0001A10A /* Build configuration list for PBXNativeTarget "MCTransitions" */ = {
			isa = XCConfigurationList;
			buildConfigurations = (
				B608CE871C321FDC0001A10A /* Debug */,
				B608CE881C321FDC0001A10A /* Release */,
			);
			defaultConfigurationIsVisible = 0;
		};
/* End XCConfigurationList section */
	};
	rootObject = B608CE671C321FDC0001A10A /* Project object */;
}
